
Microsoft Visual Studio Solution File, Format Version 12.00
# Visual Studio Version 17
VisualStudioVersion = 17.13.35825.156
MinimumVisualStudioVersion = 10.0.40219.1
Project("{FAE04EC0-301F-11D3-BF4B-00C04F79EFBC}") = "InventoryManagementSystem", "InventoryManagementSystem.csproj", "{9E505B5C-DFB4-4B55-90A9-981EC2963BBD}"
EndProject
Project("{FAE04EC0-301F-11D3-BF4B-00C04F79EFBC}") = "UnitTestProject", "UnitTestProject\UnitTestProject.csproj", "{226732F1-1EE8-4DA4-830C-AAAB654B3EF5}"
EndProject
Project("{FAE04EC0-301F-11D3-BF4B-00C04F79EFBC}") = "ClassLibrary", "ClassLibrary\ClassLibrary.csproj", "{F791CAF3-6ECB-4C0E-9D2E-9A223655BEFE}"
EndProject
Global
	GlobalSection(SolutionConfigurationPlatforms) = preSolution
		Debug|Any CPU = Debug|Any CPU
		Release|Any CPU = Release|Any CPU
	EndGlobalSection
	GlobalSection(ProjectConfigurationPlatforms) = postSolution
		{9E505B5C-DFB4-4B55-90A9-981EC2963BBD}.Debug|Any CPU.ActiveCfg = Debug|Any CPU
		{9E505B5C-DFB4-4B55-90A9-981EC2963BBD}.Debug|Any CPU.Build.0 = Debug|Any CPU
		{9E505B5C-DFB4-4B55-90A9-981EC2963BBD}.Release|Any CPU.ActiveCfg = Release|Any CPU
		{9E505B5C-DFB4-4B55-90A9-981EC2963BBD}.Release|Any CPU.Build.0 = Release|Any CPU
		{226732F1-1EE8-4DA4-830C-AAAB654B3EF5}.Debug|Any CPU.ActiveCfg = Debug|Any CPU
		{226732F1-1EE8-4DA4-830C-AAAB654B3EF5}.Debug|Any CPU.Build.0 = Debug|Any CPU
		{226732F1-1EE8-4DA4-830C-AAAB654B3EF5}.Release|Any CPU.ActiveCfg = Release|Any CPU
		{226732F1-1EE8-4DA4-830C-AAAB654B3EF5}.Release|Any CPU.Build.0 = Release|Any CPU
		{F791CAF3-6ECB-4C0E-9D2E-9A223655BEFE}.Debug|Any CPU.ActiveCfg = Debug|Any CPU
		{F791CAF3-6ECB-4C0E-9D2E-9A223655BEFE}.Debug|Any CPU.Build.0 = Debug|Any CPU
		{F791CAF3-6ECB-4C0E-9D2E-9A223655BEFE}.Release|Any CPU.ActiveCfg = Release|Any CPU
		{F791CAF3-6ECB-4C0E-9D2E-9A223655BEFE}.Release|Any CPU.Build.0 = Release|Any CPU
	EndGlobalSection
	GlobalSection(SolutionProperties) = preSolution
		HideSolutionNode = FALSE
	EndGlobalSection
	GlobalSection(ExtensibilityGlobals) = postSolution
		SolutionGuid = {225A728E-4A59-40B3-884C-16E1DBF3CD36}
	EndGlobalSection
EndGlobal
